// !$*UTF8*$!
{
	archiveVersion = 1;
	classes = {
	};
	objectVersion = 50;
	objects = {

/* Begin PBXBuildFile section */
		F74C1B5A25C6EFD8005581B7 /* Main.storyboard in Resources */ = {isa = PBXBuildFile; fileRef = F74C1B5825C6EFD8005581B7 /* Main.storyboard */; };
		F74C1B5C25C6EFDC005581B7 /* Assets.xcassets in Resources */ = {isa = PBXBuildFile; fileRef = F74C1B5B25C6EFDC005581B7 /* Assets.xcassets */; };
		F74C1B5F25C6EFDC005581B7 /* LaunchScreen.storyboard in Resources */ = {isa = PBXBuildFile; fileRef = F74C1B5D25C6EFDC005581B7 /* LaunchScreen.storyboard */; };
		F74C1B6225C6EFDC005581B7 /* main.m in Sources */ = {isa = PBXBuildFile; fileRef = F74C1B6125C6EFDC005581B7 /* main.m */; };
		F74C1B7125C6F01F005581B7 /* CMManager.m in Sources */ = {isa = PBXBuildFile; fileRef = F74C1B6C25C6F01F005581B7 /* CMManager.m */; };
		F74C1B7225C6F01F005581B7 /* AppDelegate.m in Sources */ = {isa = PBXBuildFile; fileRef = F74C1B6D25C6F01F005581B7 /* AppDelegate.m */; };
		F74C1B7325C6F01F005581B7 /* ViewController.m in Sources */ = {isa = PBXBuildFile; fileRef = F74C1B7025C6F01F005581B7 /* ViewController.m */; };
/* End PBXBuildFile section */

/* Begin PBXFileReference section */
		F74C1B4C25C6EFD8005581B7 /* MathThem.app */ = {isa = PBXFileReference; explicitFileType = wrapper.application; includeInIndex = 0; path = MathThem.app; sourceTree = BUILT_PRODUCTS_DIR; };
		F74C1B5925C6EFD8005581B7 /* Base */ = {isa = PBXFileReference; lastKnownFileType = file.storyboard; name = Base; path = Base.lproj/Main.storyboard; sourceTree = "<group>"; };
		F74C1B5B25C6EFDC005581B7 /* Assets.xcassets */ = {isa = PBXFileReference; lastKnownFileType = folder.assetcatalog; path = Assets.xcassets; sourceTree = "<group>"; };
		F74C1B5E25C6EFDC005581B7 /* Base */ = {isa = PBXFileReference; lastKnownFileType = file.storyboard; name = Base; path = Base.lproj/LaunchScreen.storyboard; sourceTree = "<group>"; };
		F74C1B6025C6EFDC005581B7 /* Info.plist */ = {isa = PBXFileReference; lastKnownFileType = text.plist.xml; path = Info.plist; sourceTree = "<group>"; };
		F74C1B6125C6EFDC005581B7 /* main.m */ = {isa = PBXFileReference; lastKnownFileType = sourcecode.c.objc; path = main.m; sourceTree = "<group>"; };
		F74C1B6B25C6F01F005581B7 /* AppDelegate.h */ = {isa = PBXFileReference; fileEncoding = 4; lastKnownFileType = sourcecode.c.h; path = AppDelegate.h; sourceTree = "<group>"; };
		F74C1B6C25C6F01F005581B7 /* CMManager.m */ = {isa = PBXFileReference; fileEncoding = 4; lastKnownFileType = sourcecode.c.objc; path = CMManager.m; sourceTree = "<group>"; };
		F74C1B6D25C6F01F005581B7 /* AppDelegate.m */ = {isa = PBXFileReference; fileEncoding = 4; lastKnownFileType = sourcecode.c.objc; path = AppDelegate.m; sourceTree = "<group>"; };
		F74C1B6E25C6F01F005581B7 /* CMManager.h */ = {isa = PBXFileReference; fileEncoding = 4; lastKnownFileType = sourcecode.c.h; path = CMManager.h; sourceTree = "<group>"; };
		F74C1B6F25C6F01F005581B7 /* ViewController.h */ = {isa = PBXFileReference; fileEncoding = 4; lastKnownFileType = sourcecode.c.h; path = ViewController.h; sourceTree = "<group>"; };
		F74C1B7025C6F01F005581B7 /* ViewController.m */ = {isa = PBXFileReference; fileEncoding = 4; lastKnownFileType = sourcecode.c.objc; path = ViewController.m; sourceTree = "<group>"; };
/* End PBXFileReference section */

/* Begin PBXFrameworksBuildPhase section */
		F74C1B4925C6EFD8005581B7 /* Frameworks */ = {
			isa = PBXFrameworksBuildPhase;
			buildActionMask = 2147483647;
			files = (
			);
			runOnlyForDeploymentPostprocessing = 0;
		};
/* End PBXFrameworksBuildPhase section */

/* Begin PBXGroup section */
		F74C1B4325C6EFD8005581B7 = {
			isa = PBXGroup;
			children = (
				F74C1B4E25C6EFD8005581B7 /* MathThem */,
				F74C1B4D25C6EFD8005581B7 /* Products */,
			);
			sourceTree = "<group>";
		};
		F74C1B4D25C6EFD8005581B7 /* Products */ = {
			isa = PBXGroup;
			children = (
				F74C1B4C25C6EFD8005581B7 /* MathThem.app */,
			);
			name = Products;
			sourceTree = "<group>";
		};
		F74C1B4E25C6EFD8005581B7 /* MathThem */ = {
			isa = PBXGroup;
			children = (
				F74C1B6B25C6F01F005581B7 /* AppDelegate.h */,
				F74C1B6D25C6F01F005581B7 /* AppDelegate.m */,
				F74C1B6E25C6F01F005581B7 /* CMManager.h */,
				F74C1B6C25C6F01F005581B7 /* CMManager.m */,
				F74C1B6F25C6F01F005581B7 /* ViewController.h */,
				F74C1B7025C6F01F005581B7 /* ViewController.m */,
				F74C1B5825C6EFD8005581B7 /* Main.storyboard */,
				F74C1B5B25C6EFDC005581B7 /* Assets.xcassets */,
				F74C1B5D25C6EFDC005581B7 /* LaunchScreen.storyboard */,
				F74C1B6025C6EFDC005581B7 /* Info.plist */,
				F74C1B6125C6EFDC005581B7 /* main.m */,
			);
			path = MathThem;
			sourceTree = "<group>";
		};
/* End PBXGroup section */

/* Begin PBXNativeTarget section */
		F74C1B4B25C6EFD8005581B7 /* MathThem */ = {
			isa = PBXNativeTarget;
			buildConfigurationList = F74C1B6525C6EFDC005581B7 /* Build configuration list for PBXNativeTarget "MathThem" */;
			buildPhases = (
				F74C1B4825C6EFD8005581B7 /* Sources */,
				F74C1B4925C6EFD8005581B7 /* Frameworks */,
				F74C1B4A25C6EFD8005581B7 /* Resources */,
			);
			buildRules = (
			);
			dependencies = (
			);
			name = MathThem;
			productName = MathThem;
			productReference = F74C1B4C25C6EFD8005581B7 /* MathThem.app */;
			productType = "com.apple.product-type.application";
		};
/* End PBXNativeTarget section */

/* Begin PBXProject section */
		F74C1B4425C6EFD8005581B7 /* Project object */ = {
			isa = PBXProject;
			attributes = {
				LastUpgradeCheck = 1220;
				TargetAttributes = {
					F74C1B4B25C6EFD8005581B7 = {
						CreatedOnToolsVersion = 12.2;
					};
				};
			};
			buildConfigurationList = F74C1B4725C6EFD8005581B7 /* Build configuration list for PBXProject "MathThem" */;
			compatibilityVersion = "Xcode 9.3";
			developmentRegion = en;
			hasScannedForEncodings = 0;
			knownRegions = (
				en,
				Base,
			);
			mainGroup = F74C1B4325C6EFD8005581B7;
			productRefGroup = F74C1B4D25C6EFD8005581B7 /* Products */;
			projectDirPath = "";
			projectRoot = "";
			targets = (
				F74C1B4B25C6EFD8005581B7 /* MathThem */,
			);
		};
/* End PBXProject section */

/* Begin PBXResourcesBuildPhase section */
		F74C1B4A25C6EFD8005581B7 /* Resources */ = {
			isa = PBXResourcesBuildPhase;
			buildActionMask = 2147483647;
			files = (
				F74C1B5F25C6EFDC005581B7 /* LaunchScreen.storyboard in Resources */,
				F74C1B5C25C6EFDC005581B7 /* Assets.xcassets in Resources */,
				F74C1B5A25C6EFD8005581B7 /* Main.storyboard in Resources */,
			);
			runOnlyForDeploymentPostprocessing = 0;
		};
/* End PBXResourcesBuildPhase section */

/* Begin PBXSourcesBuildPhase section */
		F74C1B4825C6EFD8005581B7 /* Sources */ = {
			isa = PBXSourcesBuildPhase;
			buildActionMask = 2147483647;
			files = (
				F74C1B6225C6EFDC005581B7 /* main.m in Sources */,
				F74C1B7125C6F01F005581B7 /* CMManager.m in Sources */,
				F74C1B7325C6F01F005581B7 /* ViewController.m in Sources */,
				F74C1B7225C6F01F005581B7 /* AppDelegate.m in Sources */,
			);
			runOnlyForDeploymentPostprocessing = 0;
		};
/* End PBXSourcesBuildPhase section */

/* Begin PBXVariantGroup section */
		F74C1B5825C6EFD8005581B7 /* Main.storyboard */ = {
			isa = PBXVariantGroup;
			children = (
				F74C1B5925C6EFD8005581B7 /* Base */,
			);
			name = Main.storyboard;
			sourceTree = "<group>";
		};
		F74C1B5D25C6EFDC005581B7 /* LaunchScreen.storyboard */ = {
			isa = PBXVariantGroup;
			children = (
				F74C1B5E25C6EFDC005581B7 /* Base */,
			);
			name = LaunchScreen.storyboard;
			sourceTree = "<group>";
		};
/* End PBXVariantGroup section */

/* Begin XCBuildConfiguration section */
		F74C1B6325C6EFDC005581B7 /* Debug */ = {
			isa = XCBuildConfiguration;
			buildSettings = {
				ALWAYS_SEARCH_USER_PATHS = NO;
				CLANG_ANALYZER_NONNULL = YES;
				CLANG_ANALYZER_NUMBER_OBJECT_CONVERSION = YES_AGGRESSIVE;
				CLANG_CXX_LANGUAGE_STANDARD = "gnu++14";
				CLANG_CXX_LIBRARY = "libc++";
				CLANG_ENABLE_MODULES = YES;
				CLANG_ENABLE_OBJC_ARC = YES;
				CLANG_ENABLE_OBJC_WEAK = YES;
				CLANG_WARN_BLOCK_CAPTURE_AUTORELEASING = YES;
				CLANG_WARN_BOOL_CONVERSION = YES;
				CLANG_WARN_COMMA = YES;
				CLANG_WARN_CONSTANT_CONVERSION = YES;
				CLANG_WARN_DEPRECATED_OBJC_IMPLEMENTATIONS = YES;
				CLANG_WARN_DIRECT_OBJC_ISA_USAGE = YES_ERROR;
				CLANG_WARN_DOCUMENTATION_COMMENTS = YES;
				CLANG_WARN_EMPTY_BODY = YES;
				CLANG_WARN_ENUM_CONVERSION = YES;
				CLANG_WARN_INFINITE_RECURSION = YES;
				CLANG_WARN_INT_CONVERSION = YES;
				CLANG_WARN_NON_LITERAL_NULL_CONVERSION = YES;
				CLANG_WARN_OBJC_IMPLICIT_RETAIN_SELF = YES;
				CLANG_WARN_OBJC_LITERAL_CONVERSION = YES;
				CLANG_WARN_OBJC_ROOT_CLASS = YES_ERROR;
				CLANG_WARN_QUOTED_INCLUDE_IN_FRAMEWORK_HEADER = YES;
				CLANG_WARN_RANGE_LOOP_ANALYSIS = YES;
				CLANG_WARN_STRICT_PROTOTYPES = YES;
				CLANG_WARN_SUSPICIOUS_MOVE = YES;
				CLANG_WARN_UNGUARDED_AVAILABILITY = YES_AGGRESSIVE;
				CLANG_WARN_UNREACHABLE_CODE = YES;
				CLANG_WARN__DUPLICATE_METHOD_MATCH = YES;
				COPY_PHASE_STRIP = NO;
				DEBUG_INFORMATION_FORMAT = dwarf;
				ENABLE_STRICT_OBJC_MSGSEND = YES;
				ENABLE_TESTABILITY = YES;
				GCC_C_LANGUAGE_STANDARD = gnu11;
				GCC_DYNAMIC_NO_PIC = NO;
				GCC_NO_COMMON_BLOCKS = YES;
				GCC_OPTIMIZATION_LEVEL = 0;
				GCC_PREPROCESSOR_DEFINITIONS = (
					"DEBUG=1",
					"$(inherited)",
				);
				GCC_WARN_64_TO_32_BIT_CONVERSION = YES;
				GCC_WARN_ABOUT_RETURN_TYPE = YES_ERROR;
				GCC_WARN_UNDECLARED_SELECTOR = YES;
				GCC_WARN_UNINITIALIZED_AUTOS = YES_AGGRESSIVE;
				GCC_WARN_UNUSED_FUNCTION = YES;
				GCC_WARN_UNUSED_VARIABLE = YES;
				IPHONEOS_DEPLOYMENT_TARGET = 14.2;
				MTL_ENABLE_DEBUG_INFO = INCLUDE_SOURCE;
				MTL_FAST_MATH = YES;
				ONLY_ACTIVE_ARCH = YES;
				SDKROOT = iphoneos;
			};
			name = Debug;
		};
		F74C1B6425C6EFDC005581B7 /* Release */ = {
			isa = XCBuildConfiguration;
			buildSettings = {
				ALWAYS_SEARCH_USER_PATHS = NO;
				CLANG_ANALYZER_NONNULL = YES;
				CLANG_ANALYZER_NUMBER_OBJECT_CONVERSION = YES_AGGRESSIVE;
				CLANG_CXX_LANGUAGE_STANDARD = "gnu++14";
				CLANG_CXX_LIBRARY = "libc++";
				CLANG_ENABLE_MODULES = YES;
				CLANG_ENABLE_OBJC_ARC = YES;
				CLANG_ENABLE_OBJC_WEAK = YES;
				CLANG_WARN_BLOCK_CAPTURE_AUTORELEASING = YES;
				CLANG_WARN_BOOL_CONVERSION = YES;
				CLANG_WARN_COMMA = YES;
				CLANG_WARN_CONSTANT_CONVERSION = YES;
				CLANG_WARN_DEPRECATED_OBJC_IMPLEMENTATIONS = YES;
				CLANG_WARN_DIRECT_OBJC_ISA_USAGE = YES_ERROR;
				CLANG_WARN_DOCUMENTATION_COMMENTS = YES;
				CLANG_WARN_EMPTY_BODY = YES;
				CLANG_WARN_ENUM_CONVERSION = YES;
				CLANG_WARN_INFINITE_RECURSION = YES;
				CLANG_WARN_INT_CONVERSION = YES;
				CLANG_WARN_NON_LITERAL_NULL_CONVERSION = YES;
				CLANG_WARN_OBJC_IMPLICIT_RETAIN_SELF = YES;
				CLANG_WARN_OBJC_LITERAL_CONVERSION = YES;
				CLANG_WARN_OBJC_ROOT_CLASS = YES_ERROR;
				CLANG_WARN_QUOTED_INCLUDE_IN_FRAMEWORK_HEADER = YES;
				CLANG_WARN_RANGE_LOOP_ANALYSIS = YES;
				CLANG_WARN_STRICT_PROTOTYPES = YES;
				CLANG_WARN_SUSPICIOUS_MOVE = YES;
				CLANG_WARN_UNGUARDED_AVAILABILITY = YES_AGGRESSIVE;
				CLANG_WARN_UNREACHABLE_CODE = YES;
				CLANG_WARN__DUPLICATE_METHOD_MATCH = YES;
				COPY_PHASE_STRIP = NO;
				DEBUG_INFORMATION_FORMAT = "dwarf-with-dsym";
				ENABLE_NS_ASSERTIONS = NO;
				ENABLE_STRICT_OBJC_MSGSEND = YES;
				GCC_C_LANGUAGE_STANDARD = gnu11;
				GCC_NO_COMMON_BLOCKS = YES;
				GCC_WARN_64_TO_32_BIT_CONVERSION = YES;
				GCC_WARN_ABOUT_RETURN_TYPE = YES_ERROR;
				GCC_WARN_UNDECLARED_SELECTOR = YES;
				GCC_WARN_UNINITIALIZED_AUTOS = YES_AGGRESSIVE;
				GCC_WARN_UNUSED_FUNCTION = YES;
				GCC_WARN_UNUSED_VARIABLE = YES;
				IPHONEOS_DEPLOYMENT_TARGET = 14.2;
				MTL_ENABLE_DEBUG_INFO = NO;
				MTL_FAST_MATH = YES;
				SDKROOT = iphoneos;
				VALIDATE_PRODUCT = YES;
			};
			name = Release;
		};
		F74C1B6625C6EFDC005581B7 /* Debug */ = {
			isa = XCBuildConfiguration;
			buildSettings = {
				ASSETCATALOG_COMPILER_APPICON_NAME = AppIcon;
				ASSETCATALOG_COMPILER_GLOBAL_ACCENT_COLOR_NAME = AccentColor;
				CODE_SIGN_STYLE = Automatic;
				DEVELOPMENT_TEAM = F6A69KK4NF;
				INFOPLIST_FILE = MathThem/Info.plist;
				IPHONEOS_DEPLOYMENT_TARGET = 10.0;
				LD_RUNPATH_SEARCH_PATHS = (
					"$(inherited)",
					"@executable_path/Frameworks",
				);
				PRODUCT_BUNDLE_IDENTIFIER = com.crazymind90.MathThem;
				PRODUCT_NAME = "$(TARGET_NAME)";
				TARGETED_DEVICE_FAMILY = "1,2";
			};
			name = Debug;
		};
		F74C1B6725C6EFDC005581B7 /* Release */ = {
			isa = XCBuildConfiguration;
			buildSettings = {
				ASSETCATALOG_COMPILER_APPICON_NAME = AppIcon;
				ASSETCATALOG_COMPILER_GLOBAL_ACCENT_COLOR_NAME = AccentColor;
				CODE_SIGN_STYLE = Automatic;
				DEVELOPMENT_TEAM = F6A69KK4NF;
				INFOPLIST_FILE = MathThem/Info.plist;
				IPHONEOS_DEPLOYMENT_TARGET = 10.0;
				LD_RUNPATH_SEARCH_PATHS = (
					"$(inherited)",
					"@executable_path/Frameworks",
				);
				PRODUCT_BUNDLE_IDENTIFIER = com.crazymind90.MathThem;
				PRODUCT_NAME = "$(TARGET_NAME)";
				TARGETED_DEVICE_FAMILY = "1,2";
			};
			name = Release;
		};
/* End XCBuildConfiguration section */

/* Begin XCConfigurationList section */
		F74C1B4725C6EFD8005581B7 /* Build configuration list for PBXProject "MathThem" */ = {
			isa = XCConfigurationList;
			buildConfigurations = (
				F74C1B6325C6EFDC005581B7 /* Debug */,
				F74C1B6425C6EFDC005581B7 /* Release */,
			);
			defaultConfigurationIsVisible = 0;
			defaultConfigurationName = Release;
		};
		F74C1B6525C6EFDC005581B7 /* Build configuration list for PBXNativeTarget "MathThem" */ = {
			isa = XCConfigurationList;
			buildConfigurations = (
				F74C1B6625C6EFDC005581B7 /* Debug */,
				F74C1B6725C6EFDC005581B7 /* Release */,
			);
			defaultConfigurationIsVisible = 0;
			defaultConfigurationName = Release;
		};
/* End XCConfigurationList section */
	};
	rootObject = F74C1B4425C6EFD8005581B7 /* Project object */;
}
